{
  "ai_configuration_version": "0.4.5",
  "compiler_version": "0.4.5",
  "generated_at": "2026-07-31T13:15:44+09:00",
  "git_delivery": {
    "default_branch": "main",
    "merge_policy": "pull-request-only",
    "mode": "autonomous",
    "preview_deployment_on_push": "allowed",
    "production_on_merge": "unknown"
  },
  "output_checksums": {
    "AGENTS.md": "6fe5a94dcf91f2a2432813849eab0f75e3241497a0c0f2342b11ccd58bb2498a",
    "rules.manifest.json": "d36cc5f5b8a4b179da891e71aeef9984b448b9378a2cd1b27eb2c8549fdca6fa",
    "skills.manifest.json": "64ae2a851fc77ae4c28536dd54f521cc2ab437c9fe6101ba7cd9a47c3b4a5274"
  },
  "primary_category": "app",
  "project_id": "otokagami",
  "risk_profiles": [
    "production-deployment",
    "personal-data",
    "external-write",
    "destructive-database",
    "paid-service"
  ],
  "rule_checksums": {
    "C-APP-01": "6356a77148ea39231cf0b23efc52ac525f5b6be6c1ff0d7de817de28d606774d",
    "C-APP-02": "508f046bcc19b50a0f03120d1718221dafef5a1e4dbceff4a1ddeb611bd5adc1",
    "C-APP-03": "d20a57f5ee724798bdbe4965d5af2bf7bab162ce5b45e1135cd47bdca50ff383",
    "G-01": "138f776836999924b20c394989e4c982223f6e0fd7b5a004279e81fccf6e5089",
    "G-02": "74811afd60d3a3244e87dc37218ea9b23783ea69d7e742858eac1c98f96e3b42",
    "G-03": "5e7e9c7162096f73e6e6c314930c1bff19c249c4957ba6ac34b6dd42f12ca609",
    "G-04": "ab39bebf83ff5545ff572185518ef19e6ad98123bf2801359ba935946dda7883",
    "G-05": "f398b120c235dc4fd22997212e52735a577ea692deda8e51f00f8280c174a090",
    "G-06": "c3a3d892c61e4fa369ce045be9309ba6da2b7ab444880d3812c95a93848fab76",
    "G-07": "7eec7893f1bf2e62d0ad1d81bcf524af37fb8a5e0f7b2cae7ef56a0793c2a243",
    "G-08": "1547eedcbb7244677a501ccd761c3e79ecf444f4aa195772d295a1bb3809b03b",
    "G-09": "3561e5627339b51934aaeedba57bcdbfee951baddee3ea2c6df6ac3ed26fe587",
    "G-10": "f91b2335eea775a910bee3c500fe28c5a364ba4899b80dec0720cf8bf1b4d6b6",
    "G-11": "f2d0e430867539d7775cb66517c2f1e3c8dca6320e56ab3e69bb8e42ed15625e",
    "G-12": "0a482e065ddd6b0e756f0c00a94edc9289f5858a8797d04fa52433bace3fe591",
    "G-13": "a5d8218e04dd4894e9841e501d1ce99f7b4f07a6f2ed229f778416edd5b5e805",
    "G-14": "679e7757af3d58d8b74b8d66c44b718ecf38e16628442b814b9bd0fe70f66b9a",
    "G-15": "730e2227ad01849da24fa0b6b44fbd58954d2e2d01e767fd269745c043736a5d",
    "G-16": "c4264ba3f70da5c7461b4ae7d114e37e0088105b2239bfb3fb14cf3b97180b58",
    "P-OTOKAGAMI-01": "3747dc88063b1d5fe669a3d46affd4d412e2ea82dd985be2c26eaee1ab1b6165",
    "P-OTOKAGAMI-02": "5c4c0c15e30c5f70bde4e19986794f4b98d551bb2474d0b1740f64d344776520",
    "RP-DESTRUCTIVE-DATABASE": "0e6523a4b0c7b72bb7ede379f541c96ba0e003179c21da0fba366c422116f9b1",
    "RP-EXTERNAL-WRITE": "ac5a6e442b1fcc8525df51e7df43e134a8fd9d9c9f0b008524da750f30267243",
    "RP-PAID-SERVICE": "abf86bdb90b70db49561447728055245f3f7f3d2e5549f6bfa2a084a48ab17ab",
    "RP-PERSONAL-DATA": "3f2a8b465bdd0f4ef9bc4b9ee123c79c11dca3df95564e8c4c36d697c37dcb3e",
    "RP-PRODUCTION-DEPLOYMENT": "c25edb8496d88a865bf9765233a6230caf656c4a407a774321da7b3462ff4879"
  },
  "rule_ids": [
    "G-01",
    "G-02",
    "G-03",
    "G-04",
    "G-05",
    "G-06",
    "G-07",
    "G-08",
    "G-09",
    "G-10",
    "G-11",
    "G-12",
    "G-13",
    "G-14",
    "G-15",
    "G-16",
    "C-APP-01",
    "C-APP-02",
    "C-APP-03",
    "RP-DESTRUCTIVE-DATABASE",
    "RP-EXTERNAL-WRITE",
    "RP-PAID-SERVICE",
    "RP-PERSONAL-DATA",
    "RP-PRODUCTION-DEPLOYMENT",
    "P-OTOKAGAMI-01",
    "P-OTOKAGAMI-02"
  ],
  "schema_version": "2.0.0",
  "skill_checksums": {
    "create-project": "69456500f01272dbaef359e9567d6800dfd82019840b2c1d16ad0c1e5ec84ff0",
    "sync-runtime-handoffs": "f5cd036799376bdec934aceacd7bdd489e5bce0e4a4b0f70b9b8c3bcb9378de6"
  },
  "skill_ids": [
    "create-project",
    "sync-runtime-handoffs"
  ],
  "source_commit": "ef741d322b1e2c9fa5b19851e0730439e9e1eb00",
  "source_tag": "v0.4.5"
}
